
Microsoft Visual Studio Solution File, Format Version 12.00
# Visual Studio 2013
VisualStudioVersion = 12.0.31101.0
MinimumVisualStudioVersion = 10.0.40219.1
Project("{FAE04EC0-301F-11D3-BF4B-00C04F79EFBC}") = "HurlingApi", "HurlingApi\HurlingApi.csproj", "{26C9D5F5-D49E-45FE-AC7F-7BA5679F27E1}"
EndProject
Project("{2150E333-8FDC-42A3-9474-1A3956D46DE8}") = ".nuget", ".nuget", "{239B51CE-5271-4572-8EF0-DD0405B1401F}"
	ProjectSection(SolutionItems) = preProject
		.nuget\packages.config = .nuget\packages.config
	EndProjectSection
EndProject
Project("{FAE04EC0-301F-11D3-BF4B-00C04F79EFBC}") = "HurlingApi.Tests", "HurlingApi.Tests\HurlingApi.Tests.csproj", "{E7AF9CD3-AE51-407C-A661-ED3A566D2D0B}"
EndProject
Global
	GlobalSection(SolutionConfigurationPlatforms) = preSolution
		Debug|Any CPU = Debug|Any CPU
		Release|Any CPU = Release|Any CPU
	EndGlobalSection
	GlobalSection(ProjectConfigurationPlatforms) = postSolution
		{26C9D5F5-D49E-45FE-AC7F-7BA5679F27E1}.Debug|Any CPU.ActiveCfg = Debug|Any CPU
		{26C9D5F5-D49E-45FE-AC7F-7BA5679F27E1}.Debug|Any CPU.Build.0 = Debug|Any CPU
		{26C9D5F5-D49E-45FE-AC7F-7BA5679F27E1}.Release|Any CPU.ActiveCfg = Release|Any CPU
		{26C9D5F5-D49E-45FE-AC7F-7BA5679F27E1}.Release|Any CPU.Build.0 = Release|Any CPU
		{E7AF9CD3-AE51-407C-A661-ED3A566D2D0B}.Debug|Any CPU.ActiveCfg = Debug|Any CPU
		{E7AF9CD3-AE51-407C-A661-ED3A566D2D0B}.Debug|Any CPU.Build.0 = Debug|Any CPU
		{E7AF9CD3-AE51-407C-A661-ED3A566D2D0B}.Release|Any CPU.ActiveCfg = Release|Any CPU
		{E7AF9CD3-AE51-407C-A661-ED3A566D2D0B}.Release|Any CPU.Build.0 = Release|Any CPU
	EndGlobalSection
	GlobalSection(SolutionProperties) = preSolution
		HideSolutionNode = FALSE
	EndGlobalSection
EndGlobal
